// !$*UTF8*$!
{
	archiveVersion = 1;
	classes = {
	};
	objectVersion = 50;
	objects = {

/* Begin PBXBuildFile section */
		D63840F121C12EA3002BB6C6 /* AppDelegate.swift in Sources */ = {isa = PBXBuildFile; fileRef = D63840F021C12EA3002BB6C6 /* AppDelegate.swift */; };
		D63840F321C12EA6002BB6C6 /* Assets.xcassets in Resources */ = {isa = PBXBuildFile; fileRef = D63840F221C12EA6002BB6C6 /* Assets.xcassets */; };
		D63840F621C12EA6002BB6C6 /* MainMenu.xib in Resources */ = {isa = PBXBuildFile; fileRef = D63840F421C12EA6002BB6C6 /* MainMenu.xib */; };
		D638410221C12EA6002BB6C6 /* RayTracerB5Tests.swift in Sources */ = {isa = PBXBuildFile; fileRef = D638410121C12EA6002BB6C6 /* RayTracerB5Tests.swift */; };
/* End PBXBuildFile section */

/* Begin PBXContainerItemProxy section */
		D63840FE21C12EA6002BB6C6 /* PBXContainerItemProxy */ = {
			isa = PBXContainerItemProxy;
			containerPortal = D63840E521C12EA3002BB6C6 /* Project object */;
			proxyType = 1;
			remoteGlobalIDString = D63840EC21C12EA3002BB6C6;
			remoteInfo = RayTracerB5;
		};
/* End PBXContainerItemProxy section */

/* Begin PBXFileReference section */
		D63840ED21C12EA3002BB6C6 /* RayTracerB5.app */ = {isa = PBXFileReference; explicitFileType = wrapper.application; includeInIndex = 0; path = RayTracerB5.app; sourceTree = BUILT_PRODUCTS_DIR; };
		D63840F021C12EA3002BB6C6 /* AppDelegate.swift */ = {isa = PBXFileReference; lastKnownFileType = sourcecode.swift; path = AppDelegate.swift; sourceTree = "<group>"; };
		D63840F221C12EA6002BB6C6 /* Assets.xcassets */ = {isa = PBXFileReference; lastKnownFileType = folder.assetcatalog; path = Assets.xcassets; sourceTree = "<group>"; };
		D63840F521C12EA6002BB6C6 /* Base */ = {isa = PBXFileReference; lastKnownFileType = file.xib; name = Base; path = Base.lproj/MainMenu.xib; sourceTree = "<group>"; };
		D63840F721C12EA6002BB6C6 /* Info.plist */ = {isa = PBXFileReference; lastKnownFileType = text.plist.xml; path = Info.plist; sourceTree = "<group>"; };
		D63840F821C12EA6002BB6C6 /* RayTracerB5.entitlements */ = {isa = PBXFileReference; lastKnownFileType = text.plist.entitlements; path = RayTracerB5.entitlements; sourceTree = "<group>"; };
		D63840FD21C12EA6002BB6C6 /* RayTracerB5Tests.xctest */ = {isa = PBXFileReference; explicitFileType = wrapper.cfbundle; includeInIndex = 0; path = RayTracerB5Tests.xctest; sourceTree = BUILT_PRODUCTS_DIR; };
		D638410121C12EA6002BB6C6 /* RayTracerB5Tests.swift */ = {isa = PBXFileReference; lastKnownFileType = sourcecode.swift; path = RayTracerB5Tests.swift; sourceTree = "<group>"; };
		D638410321C12EA6002BB6C6 /* Info.plist */ = {isa = PBXFileReference; lastKnownFileType = text.plist.xml; path = Info.plist; sourceTree = "<group>"; };
/* End PBXFileReference section */

/* Begin PBXFrameworksBuildPhase section */
		D63840EA21C12EA3002BB6C6 /* Frameworks */ = {
			isa = PBXFrameworksBuildPhase;
			buildActionMask = 2147483647;
			files = (
			);
			runOnlyForDeploymentPostprocessing = 0;
		};
		D63840FA21C12EA6002BB6C6 /* Frameworks */ = {
			isa = PBXFrameworksBuildPhase;
			buildActionMask = 2147483647;
			files = (
			);
			runOnlyForDeploymentPostprocessing = 0;
		};
/* End PBXFrameworksBuildPhase section */

/* Begin PBXGroup section */
		D63840E421C12EA3002BB6C6 = {
			isa = PBXGroup;
			children = (
				D63840EF21C12EA3002BB6C6 /* RayTracerB5 */,
				D638410021C12EA6002BB6C6 /* RayTracerB5Tests */,
				D63840EE21C12EA3002BB6C6 /* Products */,
			);
			sourceTree = "<group>";
		};
		D63840EE21C12EA3002BB6C6 /* Products */ = {
			isa = PBXGroup;
			children = (
				D63840ED21C12EA3002BB6C6 /* RayTracerB5.app */,
				D63840FD21C12EA6002BB6C6 /* RayTracerB5Tests.xctest */,
			);
			name = Products;
			sourceTree = "<group>";
		};
		D63840EF21C12EA3002BB6C6 /* RayTracerB5 */ = {
			isa = PBXGroup;
			children = (
				D63840F021C12EA3002BB6C6 /* AppDelegate.swift */,
				D63840F221C12EA6002BB6C6 /* Assets.xcassets */,
				D63840F421C12EA6002BB6C6 /* MainMenu.xib */,
				D63840F721C12EA6002BB6C6 /* Info.plist */,
				D63840F821C12EA6002BB6C6 /* RayTracerB5.entitlements */,
			);
			path = RayTracerB5;
			sourceTree = "<group>";
		};
		D638410021C12EA6002BB6C6 /* RayTracerB5Tests */ = {
			isa = PBXGroup;
			children = (
				D638410121C12EA6002BB6C6 /* RayTracerB5Tests.swift */,
				D638410321C12EA6002BB6C6 /* Info.plist */,
			);
			path = RayTracerB5Tests;
			sourceTree = "<group>";
		};
/* End PBXGroup section */

/* Begin PBXNativeTarget section */
		D63840EC21C12EA3002BB6C6 /* RayTracerB5 */ = {
			isa = PBXNativeTarget;
			buildConfigurationList = D638410621C12EA6002BB6C6 /* Build configuration list for PBXNativeTarget "RayTracerB5" */;
			buildPhases = (
				D63840E921C12EA3002BB6C6 /* Sources */,
				D63840EA21C12EA3002BB6C6 /* Frameworks */,
				D63840EB21C12EA3002BB6C6 /* Resources */,
			);
			buildRules = (
			);
			dependencies = (
			);
			name = RayTracerB5;
			productName = RayTracerB5;
			productReference = D63840ED21C12EA3002BB6C6 /* RayTracerB5.app */;
			productType = "com.apple.product-type.application";
		};
		D63840FC21C12EA6002BB6C6 /* RayTracerB5Tests */ = {
			isa = PBXNativeTarget;
			buildConfigurationList = D638410921C12EA6002BB6C6 /* Build configuration list for PBXNativeTarget "RayTracerB5Tests" */;
			buildPhases = (
				D63840F921C12EA6002BB6C6 /* Sources */,
				D63840FA21C12EA6002BB6C6 /* Frameworks */,
				D63840FB21C12EA6002BB6C6 /* Resources */,
			);
			buildRules = (
			);
			dependencies = (
				D63840FF21C12EA6002BB6C6 /* PBXTargetDependency */,
			);
			name = RayTracerB5Tests;
			productName = RayTracerB5Tests;
			productReference = D63840FD21C12EA6002BB6C6 /* RayTracerB5Tests.xctest */;
			productType = "com.apple.product-type.bundle.unit-test";
		};
/* End PBXNativeTarget section */

/* Begin PBXProject section */
		D63840E521C12EA3002BB6C6 /* Project object */ = {
			isa = PBXProject;
			attributes = {
				LastSwiftUpdateCheck = 1010;
				LastUpgradeCheck = 1010;
				ORGANIZATIONNAME = "Stein Alver";
				TargetAttributes = {
					D63840EC21C12EA3002BB6C6 = {
						CreatedOnToolsVersion = 10.1;
					};
					D63840FC21C12EA6002BB6C6 = {
						CreatedOnToolsVersion = 10.1;
						TestTargetID = D63840EC21C12EA3002BB6C6;
					};
				};
			};
			buildConfigurationList = D63840E821C12EA3002BB6C6 /* Build configuration list for PBXProject "RayTracerB5" */;
			compatibilityVersion = "Xcode 9.3";
			developmentRegion = en;
			hasScannedForEncodings = 0;
			knownRegions = (
				en,
				Base,
			);
			mainGroup = D63840E421C12EA3002BB6C6;
			productRefGroup = D63840EE21C12EA3002BB6C6 /* Products */;
			projectDirPath = "";
			projectRoot = "";
			targets = (
				D63840EC21C12EA3002BB6C6 /* RayTracerB5 */,
				D63840FC21C12EA6002BB6C6 /* RayTracerB5Tests */,
			);
		};
/* End PBXProject section */

/* Begin PBXResourcesBuildPhase section */
		D63840EB21C12EA3002BB6C6 /* Resources */ = {
			isa = PBXResourcesBuildPhase;
			buildActionMask = 2147483647;
			files = (
				D63840F321C12EA6002BB6C6 /* Assets.xcassets in Resources */,
				D63840F621C12EA6002BB6C6 /* MainMenu.xib in Resources */,
			);
			runOnlyForDeploymentPostprocessing = 0;
		};
		D63840FB21C12EA6002BB6C6 /* Resources */ = {
			isa = PBXResourcesBuildPhase;
			buildActionMask = 2147483647;
			files = (
			);
			runOnlyForDeploymentPostprocessing = 0;
		};
/* End PBXResourcesBuildPhase section */

/* Begin PBXSourcesBuildPhase section */
		D63840E921C12EA3002BB6C6 /* Sources */ = {
			isa = PBXSourcesBuildPhase;
			buildActionMask = 2147483647;
			files = (
				D63840F121C12EA3002BB6C6 /* AppDelegate.swift in Sources */,
			);
			runOnlyForDeploymentPostprocessing = 0;
		};
		D63840F921C12EA6002BB6C6 /* Sources */ = {
			isa = PBXSourcesBuildPhase;
			buildActionMask = 2147483647;
			files = (
				D638410221C12EA6002BB6C6 /* RayTracerB5Tests.swift in Sources */,
			);
			runOnlyForDeploymentPostprocessing = 0;
		};
/* End PBXSourcesBuildPhase section */

/* Begin PBXTargetDependency section */
		D63840FF21C12EA6002BB6C6 /* PBXTargetDependency */ = {
			isa = PBXTargetDependency;
			target = D63840EC21C12EA3002BB6C6 /* RayTracerB5 */;
			targetProxy = D63840FE21C12EA6002BB6C6 /* PBXContainerItemProxy */;
		};
/* End PBXTargetDependency section */

/* Begin PBXVariantGroup section */
		D63840F421C12EA6002BB6C6 /* MainMenu.xib */ = {
			isa = PBXVariantGroup;
			children = (
				D63840F521C12EA6002BB6C6 /* Base */,
			);
			name = MainMenu.xib;
			sourceTree = "<group>";
		};
/* End PBXVariantGroup section */

/* Begin XCBuildConfiguration section */
		D638410421C12EA6002BB6C6 /* Debug */ = {
			isa = XCBuildConfiguration;
			buildSettings = {
				ALWAYS_SEARCH_USER_PATHS = NO;
				CLANG_ANALYZER_NONNULL = YES;
				CLANG_ANALYZER_NUMBER_OBJECT_CONVERSION = YES_AGGRESSIVE;
				CLANG_CXX_LANGUAGE_STANDARD = "gnu++14";
				CLANG_CXX_LIBRARY = "libc++";
				CLANG_ENABLE_MODULES = YES;
				CLANG_ENABLE_OBJC_ARC = YES;
				CLANG_ENABLE_OBJC_WEAK = YES;
				CLANG_WARN_BLOCK_CAPTURE_AUTORELEASING = YES;
				CLANG_WARN_BOOL_CONVERSION = YES;
				CLANG_WARN_COMMA = YES;
				CLANG_WARN_CONSTANT_CONVERSION = YES;
				CLANG_WARN_DEPRECATED_OBJC_IMPLEMENTATIONS = YES;
				CLANG_WARN_DIRECT_OBJC_ISA_USAGE = YES_ERROR;
				CLANG_WARN_DOCUMENTATION_COMMENTS = YES;
				CLANG_WARN_EMPTY_BODY = YES;
				CLANG_WARN_ENUM_CONVERSION = YES;
				CLANG_WARN_INFINITE_RECURSION = YES;
				CLANG_WARN_INT_CONVERSION = YES;
				CLANG_WARN_NON_LITERAL_NULL_CONVERSION = YES;
				CLANG_WARN_OBJC_IMPLICIT_RETAIN_SELF = YES;
				CLANG_WARN_OBJC_LITERAL_CONVERSION = YES;
				CLANG_WARN_OBJC_ROOT_CLASS = YES_ERROR;
				CLANG_WARN_RANGE_LOOP_ANALYSIS = YES;
				CLANG_WARN_STRICT_PROTOTYPES = YES;
				CLANG_WARN_SUSPICIOUS_MOVE = YES;
				CLANG_WARN_UNGUARDED_AVAILABILITY = YES_AGGRESSIVE;
				CLANG_WARN_UNREACHABLE_CODE = YES;
				CLANG_WARN__DUPLICATE_METHOD_MATCH = YES;
				CODE_SIGN_IDENTITY = "Mac Developer";
				COPY_PHASE_STRIP = NO;
				DEBUG_INFORMATION_FORMAT = dwarf;
				ENABLE_STRICT_OBJC_MSGSEND = YES;
				ENABLE_TESTABILITY = YES;
				GCC_C_LANGUAGE_STANDARD = gnu11;
				GCC_DYNAMIC_NO_PIC = NO;
				GCC_NO_COMMON_BLOCKS = YES;
				GCC_OPTIMIZATION_LEVEL = 0;
				GCC_PREPROCESSOR_DEFINITIONS = (
					"DEBUG=1",
					"$(inherited)",
				);
				GCC_WARN_64_TO_32_BIT_CONVERSION = YES;
				GCC_WARN_ABOUT_RETURN_TYPE = YES_ERROR;
				GCC_WARN_UNDECLARED_SELECTOR = YES;
				GCC_WARN_UNINITIALIZED_AUTOS = YES_AGGRESSIVE;
				GCC_WARN_UNUSED_FUNCTION = YES;
				GCC_WARN_UNUSED_VARIABLE = YES;
				MACOSX_DEPLOYMENT_TARGET = 10.14;
				MTL_ENABLE_DEBUG_INFO = INCLUDE_SOURCE;
				MTL_FAST_MATH = YES;
				ONLY_ACTIVE_ARCH = YES;
				SDKROOT = macosx;
				SWIFT_ACTIVE_COMPILATION_CONDITIONS = DEBUG;
				SWIFT_OPTIMIZATION_LEVEL = "-Onone";
			};
			name = Debug;
		};
		D638410521C12EA6002BB6C6 /* Release */ = {
			isa = XCBuildConfiguration;
			buildSettings = {
				ALWAYS_SEARCH_USER_PATHS = NO;
				CLANG_ANALYZER_NONNULL = YES;
				CLANG_ANALYZER_NUMBER_OBJECT_CONVERSION = YES_AGGRESSIVE;
				CLANG_CXX_LANGUAGE_STANDARD = "gnu++14";
				CLANG_CXX_LIBRARY = "libc++";
				CLANG_ENABLE_MODULES = YES;
				CLANG_ENABLE_OBJC_ARC = YES;
				CLANG_ENABLE_OBJC_WEAK = YES;
				CLANG_WARN_BLOCK_CAPTURE_AUTORELEASING = YES;
				CLANG_WARN_BOOL_CONVERSION = YES;
				CLANG_WARN_COMMA = YES;
				CLANG_WARN_CONSTANT_CONVERSION = YES;
				CLANG_WARN_DEPRECATED_OBJC_IMPLEMENTATIONS = YES;
				CLANG_WARN_DIRECT_OBJC_ISA_USAGE = YES_ERROR;
				CLANG_WARN_DOCUMENTATION_COMMENTS = YES;
				CLANG_WARN_EMPTY_BODY = YES;
				CLANG_WARN_ENUM_CONVERSION = YES;
				CLANG_WARN_INFINITE_RECURSION = YES;
				CLANG_WARN_INT_CONVERSION = YES;
				CLANG_WARN_NON_LITERAL_NULL_CONVERSION = YES;
				CLANG_WARN_OBJC_IMPLICIT_RETAIN_SELF = YES;
				CLANG_WARN_OBJC_LITERAL_CONVERSION = YES;
				CLANG_WARN_OBJC_ROOT_CLASS = YES_ERROR;
				CLANG_WARN_RANGE_LOOP_ANALYSIS = YES;
				CLANG_WARN_STRICT_PROTOTYPES = YES;
				CLANG_WARN_SUSPICIOUS_MOVE = YES;
				CLANG_WARN_UNGUARDED_AVAILABILITY = YES_AGGRESSIVE;
				CLANG_WARN_UNREACHABLE_CODE = YES;
				CLANG_WARN__DUPLICATE_METHOD_MATCH = YES;
				CODE_SIGN_IDENTITY = "Mac Developer";
				COPY_PHASE_STRIP = NO;
				DEBUG_INFORMATION_FORMAT = "dwarf-with-dsym";
				ENABLE_NS_ASSERTIONS = NO;
				ENABLE_STRICT_OBJC_MSGSEND = YES;
				GCC_C_LANGUAGE_STANDARD = gnu11;
				GCC_NO_COMMON_BLOCKS = YES;
				GCC_WARN_64_TO_32_BIT_CONVERSION = YES;
				GCC_WARN_ABOUT_RETURN_TYPE = YES_ERROR;
				GCC_WARN_UNDECLARED_SELECTOR = YES;
				GCC_WARN_UNINITIALIZED_AUTOS = YES_AGGRESSIVE;
				GCC_WARN_UNUSED_FUNCTION = YES;
				GCC_WARN_UNUSED_VARIABLE = YES;
				MACOSX_DEPLOYMENT_TARGET = 10.14;
				MTL_ENABLE_DEBUG_INFO = NO;
				MTL_FAST_MATH = YES;
				SDKROOT = macosx;
				SWIFT_COMPILATION_MODE = wholemodule;
				SWIFT_OPTIMIZATION_LEVEL = "-O";
			};
			name = Release;
		};
		D638410721C12EA6002BB6C6 /* Debug */ = {
			isa = XCBuildConfiguration;
			buildSettings = {
				ASSETCATALOG_COMPILER_APPICON_NAME = AppIcon;
				CODE_SIGN_ENTITLEMENTS = RayTracerB5/RayTracerB5.entitlements;
				CODE_SIGN_STYLE = Automatic;
				COMBINE_HIDPI_IMAGES = YES;
				DEVELOPMENT_TEAM = WPZ25T3522;
				INFOPLIST_FILE = RayTracerB5/Info.plist;
				LD_RUNPATH_SEARCH_PATHS = (
					"$(inherited)",
					"@executable_path/../Frameworks",
				);
				PRODUCT_BUNDLE_IDENTIFIER = no.salver.RayTracerB5;
				PRODUCT_NAME = "$(TARGET_NAME)";
				SWIFT_VERSION = 4.2;
			};
			name = Debug;
		};
		D638410821C12EA6002BB6C6 /* Release */ = {
			isa = XCBuildConfiguration;
			buildSettings = {
				ASSETCATALOG_COMPILER_APPICON_NAME = AppIcon;
				CODE_SIGN_ENTITLEMENTS = RayTracerB5/RayTracerB5.entitlements;
				CODE_SIGN_STYLE = Automatic;
				COMBINE_HIDPI_IMAGES = YES;
				DEVELOPMENT_TEAM = WPZ25T3522;
				INFOPLIST_FILE = RayTracerB5/Info.plist;
				LD_RUNPATH_SEARCH_PATHS = (
					"$(inherited)",
					"@executable_path/../Frameworks",
				);
				PRODUCT_BUNDLE_IDENTIFIER = no.salver.RayTracerB5;
				PRODUCT_NAME = "$(TARGET_NAME)";
				SWIFT_VERSION = 4.2;
			};
			name = Release;
		};
		D638410A21C12EA6002BB6C6 /* Debug */ = {
			isa = XCBuildConfiguration;
			buildSettings = {
				ALWAYS_EMBED_SWIFT_STANDARD_LIBRARIES = YES;
				BUNDLE_LOADER = "$(TEST_HOST)";
				CODE_SIGN_STYLE = Automatic;
				COMBINE_HIDPI_IMAGES = YES;
				DEVELOPMENT_TEAM = WPZ25T3522;
				INFOPLIST_FILE = RayTracerB5Tests/Info.plist;
				LD_RUNPATH_SEARCH_PATHS = (
					"$(inherited)",
					"@executable_path/../Frameworks",
					"@loader_path/../Frameworks",
				);
				PRODUCT_BUNDLE_IDENTIFIER = no.salver.RayTracerB5Tests;
				PRODUCT_NAME = "$(TARGET_NAME)";
				SWIFT_VERSION = 4.2;
				TEST_HOST = "$(BUILT_PRODUCTS_DIR)/RayTracerB5.app/Contents/MacOS/RayTracerB5";
			};
			name = Debug;
		};
		D638410B21C12EA6002BB6C6 /* Release */ = {
			isa = XCBuildConfiguration;
			buildSettings = {
				ALWAYS_EMBED_SWIFT_STANDARD_LIBRARIES = YES;
				BUNDLE_LOADER = "$(TEST_HOST)";
				CODE_SIGN_STYLE = Automatic;
				COMBINE_HIDPI_IMAGES = YES;
				DEVELOPMENT_TEAM = WPZ25T3522;
				INFOPLIST_FILE = RayTracerB5Tests/Info.plist;
				LD_RUNPATH_SEARCH_PATHS = (
					"$(inherited)",
					"@executable_path/../Frameworks",
					"@loader_path/../Frameworks",
				);
				PRODUCT_BUNDLE_IDENTIFIER = no.salver.RayTracerB5Tests;
				PRODUCT_NAME = "$(TARGET_NAME)";
				SWIFT_VERSION = 4.2;
				TEST_HOST = "$(BUILT_PRODUCTS_DIR)/RayTracerB5.app/Contents/MacOS/RayTracerB5";
			};
			name = Release;
		};
/* End XCBuildConfiguration section */

/* Begin XCConfigurationList section */
		D63840E821C12EA3002BB6C6 /* Build configuration list for PBXProject "RayTracerB5" */ = {
			isa = XCConfigurationList;
			buildConfigurations = (
				D638410421C12EA6002BB6C6 /* Debug */,
				D638410521C12EA6002BB6C6 /* Release */,
			);
			defaultConfigurationIsVisible = 0;
			defaultConfigurationName = Release;
		};
		D638410621C12EA6002BB6C6 /* Build configuration list for PBXNativeTarget "RayTracerB5" */ = {
			isa = XCConfigurationList;
			buildConfigurations = (
				D638410721C12EA6002BB6C6 /* Debug */,
				D638410821C12EA6002BB6C6 /* Release */,
			);
			defaultConfigurationIsVisible = 0;
			defaultConfigurationName = Release;
		};
		D638410921C12EA6002BB6C6 /* Build configuration list for PBXNativeTarget "RayTracerB5Tests" */ = {
			isa = XCConfigurationList;
			buildConfigurations = (
				D638410A21C12EA6002BB6C6 /* Debug */,
				D638410B21C12EA6002BB6C6 /* Release */,
			);
			defaultConfigurationIsVisible = 0;
			defaultConfigurationName = Release;
		};
/* End XCConfigurationList section */
	};
	rootObject = D63840E521C12EA3002BB6C6 /* Project object */;
}
