// !$*UTF8*$!
{
	archiveVersion = 1;
	classes = {
	};
	objectVersion = 50;
	objects = {

/* Begin PBXBuildFile section */
		D609511321D02FA3006B4A48 /* teapot.obj in Resources */ = {isa = PBXBuildFile; fileRef = D609511221D02FA3006B4A48 /* teapot.obj */; };
		D60FBFDB21E009B3007CFBFB /* Cubes.swift in Sources */ = {isa = PBXBuildFile; fileRef = D60FBFDA21E009B3007CFBFB /* Cubes.swift */; };
		D63840F121C12EA3002BB6C6 /* AppDelegate.swift in Sources */ = {isa = PBXBuildFile; fileRef = D63840F021C12EA3002BB6C6 /* AppDelegate.swift */; };
		D63840F321C12EA6002BB6C6 /* Assets.xcassets in Resources */ = {isa = PBXBuildFile; fileRef = D63840F221C12EA6002BB6C6 /* Assets.xcassets */; };
		D63840F621C12EA6002BB6C6 /* MainMenu.xib in Resources */ = {isa = PBXBuildFile; fileRef = D63840F421C12EA6002BB6C6 /* MainMenu.xib */; };
		D638410221C12EA6002BB6C6 /* TupleFeatures.swift in Sources */ = {isa = PBXBuildFile; fileRef = D638410121C12EA6002BB6C6 /* TupleFeatures.swift */; };
		D638410F21C13005002BB6C6 /* Point.swift in Sources */ = {isa = PBXBuildFile; fileRef = D638410C21C13005002BB6C6 /* Point.swift */; };
		D638411021C13005002BB6C6 /* Tuple.swift in Sources */ = {isa = PBXBuildFile; fileRef = D638410D21C13005002BB6C6 /* Tuple.swift */; };
		D638411121C13005002BB6C6 /* Vector.swift in Sources */ = {isa = PBXBuildFile; fileRef = D638410E21C13005002BB6C6 /* Vector.swift */; };
		D638411321C13168002BB6C6 /* Color.swift in Sources */ = {isa = PBXBuildFile; fileRef = D638411221C13168002BB6C6 /* Color.swift */; };
		D638411521C131BA002BB6C6 /* CanvasFeatures.swift in Sources */ = {isa = PBXBuildFile; fileRef = D638411421C131BA002BB6C6 /* CanvasFeatures.swift */; };
		D638411721C13243002BB6C6 /* Canvas.swift in Sources */ = {isa = PBXBuildFile; fileRef = D638411621C13243002BB6C6 /* Canvas.swift */; };
		D638411D21C1338B002BB6C6 /* TransformationFeatures.swift in Sources */ = {isa = PBXBuildFile; fileRef = D638411C21C1338B002BB6C6 /* TransformationFeatures.swift */; };
		D638411F21C13492002BB6C6 /* RayFeatures.swift in Sources */ = {isa = PBXBuildFile; fileRef = D638411E21C13492002BB6C6 /* RayFeatures.swift */; };
		D638412221C1352D002BB6C6 /* Sphere.swift in Sources */ = {isa = PBXBuildFile; fileRef = D638412021C1352D002BB6C6 /* Sphere.swift */; };
		D638412321C1352D002BB6C6 /* Ray.swift in Sources */ = {isa = PBXBuildFile; fileRef = D638412121C1352D002BB6C6 /* Ray.swift */; };
		D638412821C135BA002BB6C6 /* Shape.swift in Sources */ = {isa = PBXBuildFile; fileRef = D638412421C135BA002BB6C6 /* Shape.swift */; };
		D638412921C135BA002BB6C6 /* Intersections.swift in Sources */ = {isa = PBXBuildFile; fileRef = D638412521C135BA002BB6C6 /* Intersections.swift */; };
		D638412A21C135BA002BB6C6 /* IntersectionComp.swift in Sources */ = {isa = PBXBuildFile; fileRef = D638412621C135BA002BB6C6 /* IntersectionComp.swift */; };
		D638412B21C135BA002BB6C6 /* Intersection.swift in Sources */ = {isa = PBXBuildFile; fileRef = D638412721C135BA002BB6C6 /* Intersection.swift */; };
		D638412D21C135E9002BB6C6 /* Material.swift in Sources */ = {isa = PBXBuildFile; fileRef = D638412C21C135E9002BB6C6 /* Material.swift */; };
		D638413521C1363C002BB6C6 /* PointLight.swift in Sources */ = {isa = PBXBuildFile; fileRef = D638412E21C1363B002BB6C6 /* PointLight.swift */; };
		D638413621C1363C002BB6C6 /* StripePattern.swift in Sources */ = {isa = PBXBuildFile; fileRef = D638412F21C1363B002BB6C6 /* StripePattern.swift */; };
		D638413721C1363C002BB6C6 /* GeneralPattern.swift in Sources */ = {isa = PBXBuildFile; fileRef = D638413021C1363B002BB6C6 /* GeneralPattern.swift */; };
		D638413821C1363C002BB6C6 /* ThreeDCheckerPattern.swift in Sources */ = {isa = PBXBuildFile; fileRef = D638413121C1363B002BB6C6 /* ThreeDCheckerPattern.swift */; };
		D638413921C1363C002BB6C6 /* GradientPattern.swift in Sources */ = {isa = PBXBuildFile; fileRef = D638413221C1363B002BB6C6 /* GradientPattern.swift */; };
		D638413A21C1363C002BB6C6 /* RingPattern.swift in Sources */ = {isa = PBXBuildFile; fileRef = D638413321C1363B002BB6C6 /* RingPattern.swift */; };
		D638413B21C1363C002BB6C6 /* Intersect.swift in Sources */ = {isa = PBXBuildFile; fileRef = D638413421C1363B002BB6C6 /* Intersect.swift */; };
		D638413D21C13673002BB6C6 /* SphereFeatures.swift in Sources */ = {isa = PBXBuildFile; fileRef = D638413C21C13673002BB6C6 /* SphereFeatures.swift */; };
		D638413F21C13704002BB6C6 /* IntersectionFeatures.swift in Sources */ = {isa = PBXBuildFile; fileRef = D638413E21C13704002BB6C6 /* IntersectionFeatures.swift */; };
		D638414121C1390F002BB6C6 /* LightFeatures.swift in Sources */ = {isa = PBXBuildFile; fileRef = D638414021C1390F002BB6C6 /* LightFeatures.swift */; };
		D638414321C13971002BB6C6 /* MaterialFeatures.swift in Sources */ = {isa = PBXBuildFile; fileRef = D638414221C13971002BB6C6 /* MaterialFeatures.swift */; };
		D638414521C13B3A002BB6C6 /* WorldFeatures.swift in Sources */ = {isa = PBXBuildFile; fileRef = D638414421C13B3A002BB6C6 /* WorldFeatures.swift */; };
		D638414721C13C0E002BB6C6 /* World.swift in Sources */ = {isa = PBXBuildFile; fileRef = D638414621C13C0E002BB6C6 /* World.swift */; };
		D638414921C13FF1002BB6C6 /* CameraFeatures.swift in Sources */ = {isa = PBXBuildFile; fileRef = D638414821C13FF1002BB6C6 /* CameraFeatures.swift */; };
		D638414B21C1401A002BB6C6 /* Camera.swift in Sources */ = {isa = PBXBuildFile; fileRef = D638414A21C1401A002BB6C6 /* Camera.swift */; };
		D638414D21C14197002BB6C6 /* ShapeFeatures.swift in Sources */ = {isa = PBXBuildFile; fileRef = D638414C21C14197002BB6C6 /* ShapeFeatures.swift */; };
		D638414F21C1422F002BB6C6 /* PlaneFeatures.swift in Sources */ = {isa = PBXBuildFile; fileRef = D638414E21C1422F002BB6C6 /* PlaneFeatures.swift */; };
		D638415121C14282002BB6C6 /* Plane.swift in Sources */ = {isa = PBXBuildFile; fileRef = D638415021C14282002BB6C6 /* Plane.swift */; };
		D638415321C142CB002BB6C6 /* PatternFeatures.swift in Sources */ = {isa = PBXBuildFile; fileRef = D638415221C142CB002BB6C6 /* PatternFeatures.swift */; };
		D638415721C16465002BB6C6 /* CubeFeatures.swift in Sources */ = {isa = PBXBuildFile; fileRef = D638415621C16465002BB6C6 /* CubeFeatures.swift */; };
		D638415921C16572002BB6C6 /* CylinderFeatures.swift in Sources */ = {isa = PBXBuildFile; fileRef = D638415821C16572002BB6C6 /* CylinderFeatures.swift */; };
		D638415C21C16617002BB6C6 /* Cube.swift in Sources */ = {isa = PBXBuildFile; fileRef = D638415A21C16617002BB6C6 /* Cube.swift */; };
		D638415D21C16617002BB6C6 /* Cylinder.swift in Sources */ = {isa = PBXBuildFile; fileRef = D638415B21C16617002BB6C6 /* Cylinder.swift */; };
		D638415F21C1692C002BB6C6 /* ConeFeatures.swift in Sources */ = {isa = PBXBuildFile; fileRef = D638415E21C1692C002BB6C6 /* ConeFeatures.swift */; };
		D638416121C16AF6002BB6C6 /* GroupFeatures.swift in Sources */ = {isa = PBXBuildFile; fileRef = D638416021C16AF6002BB6C6 /* GroupFeatures.swift */; };
		D638416321C16DF1002BB6C6 /* TriangleFeatures.swift in Sources */ = {isa = PBXBuildFile; fileRef = D638416221C16DF1002BB6C6 /* TriangleFeatures.swift */; };
		D638416521C16FF0002BB6C6 /* ObjFileFeatures.swift in Sources */ = {isa = PBXBuildFile; fileRef = D638416421C16FF0002BB6C6 /* ObjFileFeatures.swift */; };
		D638416A21C3C0F6002BB6C6 /* Cone.swift in Sources */ = {isa = PBXBuildFile; fileRef = D638416921C3C0F6002BB6C6 /* Cone.swift */; };
		D638416C21C3E46E002BB6C6 /* Group.swift in Sources */ = {isa = PBXBuildFile; fileRef = D638416B21C3E46E002BB6C6 /* Group.swift */; };
		D638416E21C3FF5F002BB6C6 /* Triangle.swift in Sources */ = {isa = PBXBuildFile; fileRef = D638416D21C3FF5F002BB6C6 /* Triangle.swift */; };
		D638417621C45F33002BB6C6 /* Parser.swift in Sources */ = {isa = PBXBuildFile; fileRef = D638417521C45F33002BB6C6 /* Parser.swift */; };
		D64E33F42586C10200AC8A08 /* Fresnel.swift in Sources */ = {isa = PBXBuildFile; fileRef = D64E33F32586C10200AC8A08 /* Fresnel.swift */; };
		D65AA69D21D24153001C1F02 /* Ch01.swift in Sources */ = {isa = PBXBuildFile; fileRef = D65AA69C21D24153001C1F02 /* Ch01.swift */; };
		D65AA6A321D2428D001C1F02 /* Ch02.swift in Sources */ = {isa = PBXBuildFile; fileRef = D65AA6A221D2428D001C1F02 /* Ch02.swift */; };
		D65AA6A521D24325001C1F02 /* Ch04.swift in Sources */ = {isa = PBXBuildFile; fileRef = D65AA6A421D24325001C1F02 /* Ch04.swift */; };
		D65AA6A721D243A2001C1F02 /* Ch05.swift in Sources */ = {isa = PBXBuildFile; fileRef = D65AA6A621D243A2001C1F02 /* Ch05.swift */; };
		D65AA6A921D24423001C1F02 /* Ch06.swift in Sources */ = {isa = PBXBuildFile; fileRef = D65AA6A821D24423001C1F02 /* Ch06.swift */; };
		D65AA6AB21D244E3001C1F02 /* Ch07.swift in Sources */ = {isa = PBXBuildFile; fileRef = D65AA6AA21D244E3001C1F02 /* Ch07.swift */; };
		D65AA6AD21D24665001C1F02 /* Ch08.swift in Sources */ = {isa = PBXBuildFile; fileRef = D65AA6AC21D24665001C1F02 /* Ch08.swift */; };
		D65AA6AF21D2471C001C1F02 /* Ch09.swift in Sources */ = {isa = PBXBuildFile; fileRef = D65AA6AE21D2471C001C1F02 /* Ch09.swift */; };
		D65AA6B121D2490D001C1F02 /* ShadowPuppets.swift in Sources */ = {isa = PBXBuildFile; fileRef = D65AA6B021D2490D001C1F02 /* ShadowPuppets.swift */; };
		D65AA6B321D24A10001C1F02 /* ReflectRefract.swift in Sources */ = {isa = PBXBuildFile; fileRef = D65AA6B221D24A10001C1F02 /* ReflectRefract.swift */; };
		D65AA6B521D24D24001C1F02 /* teapot.obj in Resources */ = {isa = PBXBuildFile; fileRef = D609511221D02FA3006B4A48 /* teapot.obj */; };
		D65AA6B821D24DBF001C1F02 /* triangles.obj in Resources */ = {isa = PBXBuildFile; fileRef = D65AA6B721D24DBF001C1F02 /* triangles.obj */; };
		D68121AC258F9E3A00AD12CF /* Environment.swift in Sources */ = {isa = PBXBuildFile; fileRef = D68121AB258F9E3A00AD12CF /* Environment.swift */; };
		D68121B0258F9E4700AD12CF /* Projectile.swift in Sources */ = {isa = PBXBuildFile; fileRef = D68121AF258F9E4700AD12CF /* Projectile.swift */; };
		D698DFCE21DE16250057E604 /* Cylinders.swift in Sources */ = {isa = PBXBuildFile; fileRef = D698DFCD21DE16250057E604 /* Cylinders.swift */; };
		D69B21ED25F137160000E071 /* Matrix4.swift in Sources */ = {isa = PBXBuildFile; fileRef = D69B21EC25F137160000E071 /* Matrix4.swift */; };
		D69B21F125F143330000E071 /* Matrix4Features.swift in Sources */ = {isa = PBXBuildFile; fileRef = D69B21F025F143330000E071 /* Matrix4Features.swift */; };
		D69B21F525F19ADC0000E071 /* Transformation4Features.swift in Sources */ = {isa = PBXBuildFile; fileRef = D69B21F425F19ADC0000E071 /* Transformation4Features.swift */; };
		D6D0472623D5B59B00B08576 /* Test.swift in Sources */ = {isa = PBXBuildFile; fileRef = D6D0472523D5B59B00B08576 /* Test.swift */; };
		D6D74ED621E356F100FD3CB7 /* ObjFiles.swift in Sources */ = {isa = PBXBuildFile; fileRef = D6D74ED521E356F100FD3CB7 /* ObjFiles.swift */; };
		D6D74EDA21E382CF00FD3CB7 /* bigteapot.obj in Resources */ = {isa = PBXBuildFile; fileRef = D6D74ED921E382CF00FD3CB7 /* bigteapot.obj */; };
		D6F4282921C6F8ED0045C236 /* SmoothTriangle.swift in Sources */ = {isa = PBXBuildFile; fileRef = D6F4282821C6F8ED0045C236 /* SmoothTriangle.swift */; };
		D6F4282B21C6F9BB0045C236 /* SmoothTriangleFeatures.swift in Sources */ = {isa = PBXBuildFile; fileRef = D6F4282A21C6F9BB0045C236 /* SmoothTriangleFeatures.swift */; };
		D6F4282D21C803CB0045C236 /* CSGFeatures.swift in Sources */ = {isa = PBXBuildFile; fileRef = D6F4282C21C803CB0045C236 /* CSGFeatures.swift */; };
		D6F4282F21C804680045C236 /* CSG.swift in Sources */ = {isa = PBXBuildFile; fileRef = D6F4282E21C804680045C236 /* CSG.swift */; };
/* End PBXBuildFile section */

/* Begin PBXContainerItemProxy section */
		D63840FE21C12EA6002BB6C6 /* PBXContainerItemProxy */ = {
			isa = PBXContainerItemProxy;
			containerPortal = D63840E521C12EA3002BB6C6 /* Project object */;
			proxyType = 1;
			remoteGlobalIDString = D63840EC21C12EA3002BB6C6;
			remoteInfo = RayTracerB5;
		};
/* End PBXContainerItemProxy section */

/* Begin PBXFileReference section */
		D609511221D02FA3006B4A48 /* teapot.obj */ = {isa = PBXFileReference; lastKnownFileType = text; path = teapot.obj; sourceTree = "<group>"; };
		D60FBFDA21E009B3007CFBFB /* Cubes.swift */ = {isa = PBXFileReference; lastKnownFileType = sourcecode.swift; path = Cubes.swift; sourceTree = "<group>"; };
		D63840ED21C12EA3002BB6C6 /* RayTracerB5.app */ = {isa = PBXFileReference; explicitFileType = wrapper.application; includeInIndex = 0; path = RayTracerB5.app; sourceTree = BUILT_PRODUCTS_DIR; };
		D63840F021C12EA3002BB6C6 /* AppDelegate.swift */ = {isa = PBXFileReference; lastKnownFileType = sourcecode.swift; path = AppDelegate.swift; sourceTree = "<group>"; };
		D63840F221C12EA6002BB6C6 /* Assets.xcassets */ = {isa = PBXFileReference; lastKnownFileType = folder.assetcatalog; path = Assets.xcassets; sourceTree = "<group>"; };
		D63840F521C12EA6002BB6C6 /* Base */ = {isa = PBXFileReference; lastKnownFileType = file.xib; name = Base; path = Base.lproj/MainMenu.xib; sourceTree = "<group>"; };
		D63840F721C12EA6002BB6C6 /* Info.plist */ = {isa = PBXFileReference; lastKnownFileType = text.plist.xml; path = Info.plist; sourceTree = "<group>"; };
		D63840F821C12EA6002BB6C6 /* RayTracerB5.entitlements */ = {isa = PBXFileReference; lastKnownFileType = text.plist.entitlements; path = RayTracerB5.entitlements; sourceTree = "<group>"; };
		D63840FD21C12EA6002BB6C6 /* RayTracerB5Tests.xctest */ = {isa = PBXFileReference; explicitFileType = wrapper.cfbundle; includeInIndex = 0; path = RayTracerB5Tests.xctest; sourceTree = BUILT_PRODUCTS_DIR; };
		D638410121C12EA6002BB6C6 /* TupleFeatures.swift */ = {isa = PBXFileReference; lastKnownFileType = sourcecode.swift; path = TupleFeatures.swift; sourceTree = "<group>"; };
		D638410321C12EA6002BB6C6 /* Info.plist */ = {isa = PBXFileReference; lastKnownFileType = text.plist.xml; path = Info.plist; sourceTree = "<group>"; };
		D638410C21C13005002BB6C6 /* Point.swift */ = {isa = PBXFileReference; fileEncoding = 4; lastKnownFileType = sourcecode.swift; path = Point.swift; sourceTree = "<group>"; };
		D638410D21C13005002BB6C6 /* Tuple.swift */ = {isa = PBXFileReference; fileEncoding = 4; lastKnownFileType = sourcecode.swift; path = Tuple.swift; sourceTree = "<group>"; };
		D638410E21C13005002BB6C6 /* Vector.swift */ = {isa = PBXFileReference; fileEncoding = 4; lastKnownFileType = sourcecode.swift; path = Vector.swift; sourceTree = "<group>"; };
		D638411221C13168002BB6C6 /* Color.swift */ = {isa = PBXFileReference; fileEncoding = 4; lastKnownFileType = sourcecode.swift; path = Color.swift; sourceTree = "<group>"; };
		D638411421C131BA002BB6C6 /* CanvasFeatures.swift */ = {isa = PBXFileReference; lastKnownFileType = sourcecode.swift; path = CanvasFeatures.swift; sourceTree = "<group>"; };
		D638411621C13243002BB6C6 /* Canvas.swift */ = {isa = PBXFileReference; fileEncoding = 4; lastKnownFileType = sourcecode.swift; path = Canvas.swift; sourceTree = "<group>"; };
		D638411C21C1338B002BB6C6 /* TransformationFeatures.swift */ = {isa = PBXFileReference; lastKnownFileType = sourcecode.swift; path = TransformationFeatures.swift; sourceTree = "<group>"; };
		D638411E21C13492002BB6C6 /* RayFeatures.swift */ = {isa = PBXFileReference; lastKnownFileType = sourcecode.swift; path = RayFeatures.swift; sourceTree = "<group>"; };
		D638412021C1352D002BB6C6 /* Sphere.swift */ = {isa = PBXFileReference; fileEncoding = 4; lastKnownFileType = sourcecode.swift; path = Sphere.swift; sourceTree = "<group>"; };
		D638412121C1352D002BB6C6 /* Ray.swift */ = {isa = PBXFileReference; fileEncoding = 4; lastKnownFileType = sourcecode.swift; path = Ray.swift; sourceTree = "<group>"; };
		D638412421C135BA002BB6C6 /* Shape.swift */ = {isa = PBXFileReference; fileEncoding = 4; lastKnownFileType = sourcecode.swift; path = Shape.swift; sourceTree = "<group>"; };
		D638412521C135BA002BB6C6 /* Intersections.swift */ = {isa = PBXFileReference; fileEncoding = 4; lastKnownFileType = sourcecode.swift; path = Intersections.swift; sourceTree = "<group>"; };
		D638412621C135BA002BB6C6 /* IntersectionComp.swift */ = {isa = PBXFileReference; fileEncoding = 4; lastKnownFileType = sourcecode.swift; path = IntersectionComp.swift; sourceTree = "<group>"; };
		D638412721C135BA002BB6C6 /* Intersection.swift */ = {isa = PBXFileReference; fileEncoding = 4; lastKnownFileType = sourcecode.swift; path = Intersection.swift; sourceTree = "<group>"; };
		D638412C21C135E9002BB6C6 /* Material.swift */ = {isa = PBXFileReference; fileEncoding = 4; lastKnownFileType = sourcecode.swift; path = Material.swift; sourceTree = "<group>"; };
		D638412E21C1363B002BB6C6 /* PointLight.swift */ = {isa = PBXFileReference; fileEncoding = 4; lastKnownFileType = sourcecode.swift; path = PointLight.swift; sourceTree = "<group>"; };
		D638412F21C1363B002BB6C6 /* StripePattern.swift */ = {isa = PBXFileReference; fileEncoding = 4; lastKnownFileType = sourcecode.swift; path = StripePattern.swift; sourceTree = "<group>"; };
		D638413021C1363B002BB6C6 /* GeneralPattern.swift */ = {isa = PBXFileReference; fileEncoding = 4; lastKnownFileType = sourcecode.swift; path = GeneralPattern.swift; sourceTree = "<group>"; };
		D638413121C1363B002BB6C6 /* ThreeDCheckerPattern.swift */ = {isa = PBXFileReference; fileEncoding = 4; lastKnownFileType = sourcecode.swift; path = ThreeDCheckerPattern.swift; sourceTree = "<group>"; };
		D638413221C1363B002BB6C6 /* GradientPattern.swift */ = {isa = PBXFileReference; fileEncoding = 4; lastKnownFileType = sourcecode.swift; path = GradientPattern.swift; sourceTree = "<group>"; };
		D638413321C1363B002BB6C6 /* RingPattern.swift */ = {isa = PBXFileReference; fileEncoding = 4; lastKnownFileType = sourcecode.swift; path = RingPattern.swift; sourceTree = "<group>"; };
		D638413421C1363B002BB6C6 /* Intersect.swift */ = {isa = PBXFileReference; fileEncoding = 4; lastKnownFileType = sourcecode.swift; path = Intersect.swift; sourceTree = "<group>"; };
		D638413C21C13673002BB6C6 /* SphereFeatures.swift */ = {isa = PBXFileReference; lastKnownFileType = sourcecode.swift; path = SphereFeatures.swift; sourceTree = "<group>"; };
		D638413E21C13704002BB6C6 /* IntersectionFeatures.swift */ = {isa = PBXFileReference; lastKnownFileType = sourcecode.swift; path = IntersectionFeatures.swift; sourceTree = "<group>"; };
		D638414021C1390F002BB6C6 /* LightFeatures.swift */ = {isa = PBXFileReference; lastKnownFileType = sourcecode.swift; path = LightFeatures.swift; sourceTree = "<group>"; };
		D638414221C13971002BB6C6 /* MaterialFeatures.swift */ = {isa = PBXFileReference; lastKnownFileType = sourcecode.swift; path = MaterialFeatures.swift; sourceTree = "<group>"; };
		D638414421C13B3A002BB6C6 /* WorldFeatures.swift */ = {isa = PBXFileReference; lastKnownFileType = sourcecode.swift; path = WorldFeatures.swift; sourceTree = "<group>"; };
		D638414621C13C0E002BB6C6 /* World.swift */ = {isa = PBXFileReference; fileEncoding = 4; lastKnownFileType = sourcecode.swift; path = World.swift; sourceTree = "<group>"; };
		D638414821C13FF1002BB6C6 /* CameraFeatures.swift */ = {isa = PBXFileReference; lastKnownFileType = sourcecode.swift; path = CameraFeatures.swift; sourceTree = "<group>"; };
		D638414A21C1401A002BB6C6 /* Camera.swift */ = {isa = PBXFileReference; fileEncoding = 4; lastKnownFileType = sourcecode.swift; path = Camera.swift; sourceTree = "<group>"; };
		D638414C21C14197002BB6C6 /* ShapeFeatures.swift */ = {isa = PBXFileReference; lastKnownFileType = sourcecode.swift; path = ShapeFeatures.swift; sourceTree = "<group>"; };
		D638414E21C1422F002BB6C6 /* PlaneFeatures.swift */ = {isa = PBXFileReference; lastKnownFileType = sourcecode.swift; path = PlaneFeatures.swift; sourceTree = "<group>"; };
		D638415021C14282002BB6C6 /* Plane.swift */ = {isa = PBXFileReference; fileEncoding = 4; lastKnownFileType = sourcecode.swift; path = Plane.swift; sourceTree = "<group>"; };
		D638415221C142CB002BB6C6 /* PatternFeatures.swift */ = {isa = PBXFileReference; lastKnownFileType = sourcecode.swift; path = PatternFeatures.swift; sourceTree = "<group>"; };
		D638415621C16465002BB6C6 /* CubeFeatures.swift */ = {isa = PBXFileReference; lastKnownFileType = sourcecode.swift; path = CubeFeatures.swift; sourceTree = "<group>"; };
		D638415821C16572002BB6C6 /* CylinderFeatures.swift */ = {isa = PBXFileReference; lastKnownFileType = sourcecode.swift; path = CylinderFeatures.swift; sourceTree = "<group>"; };
		D638415A21C16617002BB6C6 /* Cube.swift */ = {isa = PBXFileReference; fileEncoding = 4; lastKnownFileType = sourcecode.swift; path = Cube.swift; sourceTree = "<group>"; };
		D638415B21C16617002BB6C6 /* Cylinder.swift */ = {isa = PBXFileReference; fileEncoding = 4; lastKnownFileType = sourcecode.swift; path = Cylinder.swift; sourceTree = "<group>"; };
		D638415E21C1692C002BB6C6 /* ConeFeatures.swift */ = {isa = PBXFileReference; lastKnownFileType = sourcecode.swift; path = ConeFeatures.swift; sourceTree = "<group>"; };
		D638416021C16AF6002BB6C6 /* GroupFeatures.swift */ = {isa = PBXFileReference; lastKnownFileType = sourcecode.swift; path = GroupFeatures.swift; sourceTree = "<group>"; };
		D638416221C16DF1002BB6C6 /* TriangleFeatures.swift */ = {isa = PBXFileReference; lastKnownFileType = sourcecode.swift; path = TriangleFeatures.swift; sourceTree = "<group>"; };
		D638416421C16FF0002BB6C6 /* ObjFileFeatures.swift */ = {isa = PBXFileReference; lastKnownFileType = sourcecode.swift; path = ObjFileFeatures.swift; sourceTree = "<group>"; };
		D638416921C3C0F6002BB6C6 /* Cone.swift */ = {isa = PBXFileReference; lastKnownFileType = sourcecode.swift; path = Cone.swift; sourceTree = "<group>"; };
		D638416B21C3E46E002BB6C6 /* Group.swift */ = {isa = PBXFileReference; lastKnownFileType = sourcecode.swift; path = Group.swift; sourceTree = "<group>"; };
		D638416D21C3FF5F002BB6C6 /* Triangle.swift */ = {isa = PBXFileReference; lastKnownFileType = sourcecode.swift; path = Triangle.swift; sourceTree = "<group>"; };
		D638417521C45F33002BB6C6 /* Parser.swift */ = {isa = PBXFileReference; fileEncoding = 4; lastKnownFileType = sourcecode.swift; path = Parser.swift; sourceTree = "<group>"; };
		D64E33F32586C10200AC8A08 /* Fresnel.swift */ = {isa = PBXFileReference; lastKnownFileType = sourcecode.swift; path = Fresnel.swift; sourceTree = "<group>"; };
		D65AA69C21D24153001C1F02 /* Ch01.swift */ = {isa = PBXFileReference; lastKnownFileType = sourcecode.swift; path = Ch01.swift; sourceTree = "<group>"; };
		D65AA69E21D24233001C1F02 /* Environment.swift */ = {isa = PBXFileReference; fileEncoding = 4; lastKnownFileType = sourcecode.swift; path = Environment.swift; sourceTree = "<group>"; };
		D65AA69F21D24233001C1F02 /* Projectile.swift */ = {isa = PBXFileReference; fileEncoding = 4; lastKnownFileType = sourcecode.swift; path = Projectile.swift; sourceTree = "<group>"; };
		D65AA6A221D2428D001C1F02 /* Ch02.swift */ = {isa = PBXFileReference; lastKnownFileType = sourcecode.swift; path = Ch02.swift; sourceTree = "<group>"; };
		D65AA6A421D24325001C1F02 /* Ch04.swift */ = {isa = PBXFileReference; lastKnownFileType = sourcecode.swift; path = Ch04.swift; sourceTree = "<group>"; };
		D65AA6A621D243A2001C1F02 /* Ch05.swift */ = {isa = PBXFileReference; lastKnownFileType = sourcecode.swift; path = Ch05.swift; sourceTree = "<group>"; };
		D65AA6A821D24423001C1F02 /* Ch06.swift */ = {isa = PBXFileReference; lastKnownFileType = sourcecode.swift; path = Ch06.swift; sourceTree = "<group>"; };
		D65AA6AA21D244E3001C1F02 /* Ch07.swift */ = {isa = PBXFileReference; lastKnownFileType = sourcecode.swift; path = Ch07.swift; sourceTree = "<group>"; };
		D65AA6AC21D24665001C1F02 /* Ch08.swift */ = {isa = PBXFileReference; lastKnownFileType = sourcecode.swift; path = Ch08.swift; sourceTree = "<group>"; };
		D65AA6AE21D2471C001C1F02 /* Ch09.swift */ = {isa = PBXFileReference; lastKnownFileType = sourcecode.swift; path = Ch09.swift; sourceTree = "<group>"; };
		D65AA6B021D2490D001C1F02 /* ShadowPuppets.swift */ = {isa = PBXFileReference; lastKnownFileType = sourcecode.swift; path = ShadowPuppets.swift; sourceTree = "<group>"; };
		D65AA6B221D24A10001C1F02 /* ReflectRefract.swift */ = {isa = PBXFileReference; lastKnownFileType = sourcecode.swift; path = ReflectRefract.swift; sourceTree = "<group>"; };
		D65AA6B721D24DBF001C1F02 /* triangles.obj */ = {isa = PBXFileReference; fileEncoding = 4; lastKnownFileType = text; path = triangles.obj; sourceTree = "<group>"; };
		D68121AB258F9E3A00AD12CF /* Environment.swift */ = {isa = PBXFileReference; fileEncoding = 4; lastKnownFileType = sourcecode.swift; path = Environment.swift; sourceTree = "<group>"; };
		D68121AF258F9E4700AD12CF /* Projectile.swift */ = {isa = PBXFileReference; fileEncoding = 4; lastKnownFileType = sourcecode.swift; path = Projectile.swift; sourceTree = "<group>"; };
		D698DFCD21DE16250057E604 /* Cylinders.swift */ = {isa = PBXFileReference; lastKnownFileType = sourcecode.swift; path = Cylinders.swift; sourceTree = "<group>"; };
		D69B21EC25F137160000E071 /* Matrix4.swift */ = {isa = PBXFileReference; lastKnownFileType = sourcecode.swift; path = Matrix4.swift; sourceTree = "<group>"; };
		D69B21F025F143330000E071 /* Matrix4Features.swift */ = {isa = PBXFileReference; lastKnownFileType = sourcecode.swift; path = Matrix4Features.swift; sourceTree = "<group>"; };
		D69B21F425F19ADC0000E071 /* Transformation4Features.swift */ = {isa = PBXFileReference; lastKnownFileType = sourcecode.swift; path = Transformation4Features.swift; sourceTree = "<group>"; };
		D6D0472523D5B59B00B08576 /* Test.swift */ = {isa = PBXFileReference; lastKnownFileType = sourcecode.swift; path = Test.swift; sourceTree = "<group>"; };
		D6D74ED521E356F100FD3CB7 /* ObjFiles.swift */ = {isa = PBXFileReference; lastKnownFileType = sourcecode.swift; path = ObjFiles.swift; sourceTree = "<group>"; };
		D6D74ED921E382CF00FD3CB7 /* bigteapot.obj */ = {isa = PBXFileReference; fileEncoding = 4; lastKnownFileType = text; path = bigteapot.obj; sourceTree = "<group>"; };
		D6F4282821C6F8ED0045C236 /* SmoothTriangle.swift */ = {isa = PBXFileReference; lastKnownFileType = sourcecode.swift; path = SmoothTriangle.swift; sourceTree = "<group>"; };
		D6F4282A21C6F9BB0045C236 /* SmoothTriangleFeatures.swift */ = {isa = PBXFileReference; lastKnownFileType = sourcecode.swift; path = SmoothTriangleFeatures.swift; sourceTree = "<group>"; };
		D6F4282C21C803CB0045C236 /* CSGFeatures.swift */ = {isa = PBXFileReference; lastKnownFileType = sourcecode.swift; path = CSGFeatures.swift; sourceTree = "<group>"; };
		D6F4282E21C804680045C236 /* CSG.swift */ = {isa = PBXFileReference; lastKnownFileType = sourcecode.swift; path = CSG.swift; sourceTree = "<group>"; };
/* End PBXFileReference section */

/* Begin PBXFrameworksBuildPhase section */
		D63840EA21C12EA3002BB6C6 /* Frameworks */ = {
			isa = PBXFrameworksBuildPhase;
			buildActionMask = 2147483647;
			files = (
			);
			runOnlyForDeploymentPostprocessing = 0;
		};
		D63840FA21C12EA6002BB6C6 /* Frameworks */ = {
			isa = PBXFrameworksBuildPhase;
			buildActionMask = 2147483647;
			files = (
			);
			runOnlyForDeploymentPostprocessing = 0;
		};
/* End PBXFrameworksBuildPhase section */

/* Begin PBXGroup section */
		D63840E421C12EA3002BB6C6 = {
			isa = PBXGroup;
			children = (
				D63840EF21C12EA3002BB6C6 /* RayTracerB5 */,
				D638410021C12EA6002BB6C6 /* RayTracerB5Tests */,
				D63840EE21C12EA3002BB6C6 /* Products */,
			);
			sourceTree = "<group>";
		};
		D63840EE21C12EA3002BB6C6 /* Products */ = {
			isa = PBXGroup;
			children = (
				D63840ED21C12EA3002BB6C6 /* RayTracerB5.app */,
				D63840FD21C12EA6002BB6C6 /* RayTracerB5Tests.xctest */,
			);
			name = Products;
			sourceTree = "<group>";
		};
		D63840EF21C12EA3002BB6C6 /* RayTracerB5 */ = {
			isa = PBXGroup;
			children = (
				D65AA69E21D24233001C1F02 /* Environment.swift */,
				D65AA69F21D24233001C1F02 /* Projectile.swift */,
				D638415A21C16617002BB6C6 /* Cube.swift */,
				D638415B21C16617002BB6C6 /* Cylinder.swift */,
				D638416921C3C0F6002BB6C6 /* Cone.swift */,
				D638415021C14282002BB6C6 /* Plane.swift */,
				D68121AB258F9E3A00AD12CF /* Environment.swift */,
				D68121AF258F9E4700AD12CF /* Projectile.swift */,
				D638414A21C1401A002BB6C6 /* Camera.swift */,
				D638414621C13C0E002BB6C6 /* World.swift */,
				D638413021C1363B002BB6C6 /* GeneralPattern.swift */,
				D638413221C1363B002BB6C6 /* GradientPattern.swift */,
				D638413421C1363B002BB6C6 /* Intersect.swift */,
				D638412E21C1363B002BB6C6 /* PointLight.swift */,
				D638413321C1363B002BB6C6 /* RingPattern.swift */,
				D638412F21C1363B002BB6C6 /* StripePattern.swift */,
				D638413121C1363B002BB6C6 /* ThreeDCheckerPattern.swift */,
				D638412C21C135E9002BB6C6 /* Material.swift */,
				D638412721C135BA002BB6C6 /* Intersection.swift */,
				D638412621C135BA002BB6C6 /* IntersectionComp.swift */,
				D638412521C135BA002BB6C6 /* Intersections.swift */,
				D638412421C135BA002BB6C6 /* Shape.swift */,
				D638412121C1352D002BB6C6 /* Ray.swift */,
				D638412021C1352D002BB6C6 /* Sphere.swift */,
				D69B21EC25F137160000E071 /* Matrix4.swift */,
				D638411621C13243002BB6C6 /* Canvas.swift */,
				D638411221C13168002BB6C6 /* Color.swift */,
				D638410C21C13005002BB6C6 /* Point.swift */,
				D638410D21C13005002BB6C6 /* Tuple.swift */,
				D638410E21C13005002BB6C6 /* Vector.swift */,
				D638416B21C3E46E002BB6C6 /* Group.swift */,
				D638416D21C3FF5F002BB6C6 /* Triangle.swift */,
				D638417521C45F33002BB6C6 /* Parser.swift */,
				D6F4282821C6F8ED0045C236 /* SmoothTriangle.swift */,
				D6F4282E21C804680045C236 /* CSG.swift */,
				D63840F021C12EA3002BB6C6 /* AppDelegate.swift */,
				D63840F221C12EA6002BB6C6 /* Assets.xcassets */,
				D63840F421C12EA6002BB6C6 /* MainMenu.xib */,
				D63840F721C12EA6002BB6C6 /* Info.plist */,
				D63840F821C12EA6002BB6C6 /* RayTracerB5.entitlements */,
			);
			path = RayTracerB5;
			sourceTree = "<group>";
		};
		D638410021C12EA6002BB6C6 /* RayTracerB5Tests */ = {
			isa = PBXGroup;
			children = (
				D65AA6B421D24AF8001C1F02 /* OBJfiles */,
				D638416821C178BD002BB6C6 /* PuttingItTogether */,
				D638416721C1789C002BB6C6 /* TestScenes */,
				D638416621C177F8002BB6C6 /* Features */,
				D638410321C12EA6002BB6C6 /* Info.plist */,
			);
			path = RayTracerB5Tests;
			sourceTree = "<group>";
		};
		D638416621C177F8002BB6C6 /* Features */ = {
			isa = PBXGroup;
			children = (
				D6F4282C21C803CB0045C236 /* CSGFeatures.swift */,
				D6F4282A21C6F9BB0045C236 /* SmoothTriangleFeatures.swift */,
				D638416421C16FF0002BB6C6 /* ObjFileFeatures.swift */,
				D638416221C16DF1002BB6C6 /* TriangleFeatures.swift */,
				D638416021C16AF6002BB6C6 /* GroupFeatures.swift */,
				D638415E21C1692C002BB6C6 /* ConeFeatures.swift */,
				D638415821C16572002BB6C6 /* CylinderFeatures.swift */,
				D638415621C16465002BB6C6 /* CubeFeatures.swift */,
				D638415221C142CB002BB6C6 /* PatternFeatures.swift */,
				D638414E21C1422F002BB6C6 /* PlaneFeatures.swift */,
				D638414C21C14197002BB6C6 /* ShapeFeatures.swift */,
				D638414821C13FF1002BB6C6 /* CameraFeatures.swift */,
				D638414421C13B3A002BB6C6 /* WorldFeatures.swift */,
				D638414221C13971002BB6C6 /* MaterialFeatures.swift */,
				D638414021C1390F002BB6C6 /* LightFeatures.swift */,
				D638413E21C13704002BB6C6 /* IntersectionFeatures.swift */,
				D638413C21C13673002BB6C6 /* SphereFeatures.swift */,
				D638411E21C13492002BB6C6 /* RayFeatures.swift */,
				D638411C21C1338B002BB6C6 /* TransformationFeatures.swift */,
				D69B21F425F19ADC0000E071 /* Transformation4Features.swift */,
				D69B21F025F143330000E071 /* Matrix4Features.swift */,
				D638411421C131BA002BB6C6 /* CanvasFeatures.swift */,
				D638410121C12EA6002BB6C6 /* TupleFeatures.swift */,
			);
			path = Features;
			sourceTree = "<group>";
		};
		D638416721C1789C002BB6C6 /* TestScenes */ = {
			isa = PBXGroup;
			children = (
				D65AA6B021D2490D001C1F02 /* ShadowPuppets.swift */,
				D65AA6B221D24A10001C1F02 /* ReflectRefract.swift */,
				D6D0472523D5B59B00B08576 /* Test.swift */,
				D698DFCD21DE16250057E604 /* Cylinders.swift */,
				D60FBFDA21E009B3007CFBFB /* Cubes.swift */,
				D6D74ED521E356F100FD3CB7 /* ObjFiles.swift */,
				D64E33F32586C10200AC8A08 /* Fresnel.swift */,
			);
			path = TestScenes;
			sourceTree = "<group>";
		};
		D638416821C178BD002BB6C6 /* PuttingItTogether */ = {
			isa = PBXGroup;
			children = (
				D65AA69C21D24153001C1F02 /* Ch01.swift */,
				D65AA6A221D2428D001C1F02 /* Ch02.swift */,
				D65AA6A421D24325001C1F02 /* Ch04.swift */,
				D65AA6A621D243A2001C1F02 /* Ch05.swift */,
				D65AA6A821D24423001C1F02 /* Ch06.swift */,
				D65AA6AA21D244E3001C1F02 /* Ch07.swift */,
				D65AA6AC21D24665001C1F02 /* Ch08.swift */,
				D65AA6AE21D2471C001C1F02 /* Ch09.swift */,
			);
			path = PuttingItTogether;
			sourceTree = "<group>";
		};
		D65AA6B421D24AF8001C1F02 /* OBJfiles */ = {
			isa = PBXGroup;
			children = (
				D6D74ED921E382CF00FD3CB7 /* bigteapot.obj */,
				D65AA6B721D24DBF001C1F02 /* triangles.obj */,
				D609511221D02FA3006B4A48 /* teapot.obj */,
			);
			path = OBJfiles;
			sourceTree = "<group>";
		};
/* End PBXGroup section */

/* Begin PBXNativeTarget section */
		D63840EC21C12EA3002BB6C6 /* RayTracerB5 */ = {
			isa = PBXNativeTarget;
			buildConfigurationList = D638410621C12EA6002BB6C6 /* Build configuration list for PBXNativeTarget "RayTracerB5" */;
			buildPhases = (
				D63840E921C12EA3002BB6C6 /* Sources */,
				D63840EA21C12EA3002BB6C6 /* Frameworks */,
				D63840EB21C12EA3002BB6C6 /* Resources */,
			);
			buildRules = (
			);
			dependencies = (
			);
			name = RayTracerB5;
			productName = RayTracerB5;
			productReference = D63840ED21C12EA3002BB6C6 /* RayTracerB5.app */;
			productType = "com.apple.product-type.application";
		};
		D63840FC21C12EA6002BB6C6 /* RayTracerB5Tests */ = {
			isa = PBXNativeTarget;
			buildConfigurationList = D638410921C12EA6002BB6C6 /* Build configuration list for PBXNativeTarget "RayTracerB5Tests" */;
			buildPhases = (
				D63840F921C12EA6002BB6C6 /* Sources */,
				D63840FA21C12EA6002BB6C6 /* Frameworks */,
				D63840FB21C12EA6002BB6C6 /* Resources */,
			);
			buildRules = (
			);
			dependencies = (
				D63840FF21C12EA6002BB6C6 /* PBXTargetDependency */,
			);
			name = RayTracerB5Tests;
			productName = RayTracerB5Tests;
			productReference = D63840FD21C12EA6002BB6C6 /* RayTracerB5Tests.xctest */;
			productType = "com.apple.product-type.bundle.unit-test";
		};
/* End PBXNativeTarget section */

/* Begin PBXProject section */
		D63840E521C12EA3002BB6C6 /* Project object */ = {
			isa = PBXProject;
			attributes = {
				LastSwiftUpdateCheck = 1010;
				LastUpgradeCheck = 1220;
				ORGANIZATIONNAME = "Stein Alver";
				TargetAttributes = {
					D63840EC21C12EA3002BB6C6 = {
						CreatedOnToolsVersion = 10.1;
						LastSwiftMigration = 1030;
					};
					D63840FC21C12EA6002BB6C6 = {
						CreatedOnToolsVersion = 10.1;
						LastSwiftMigration = 1020;
						TestTargetID = D63840EC21C12EA3002BB6C6;
					};
				};
			};
			buildConfigurationList = D63840E821C12EA3002BB6C6 /* Build configuration list for PBXProject "RayTracerB5" */;
			compatibilityVersion = "Xcode 9.3";
			developmentRegion = en;
			hasScannedForEncodings = 0;
			knownRegions = (
				en,
				Base,
			);
			mainGroup = D63840E421C12EA3002BB6C6;
			productRefGroup = D63840EE21C12EA3002BB6C6 /* Products */;
			projectDirPath = "";
			projectRoot = "";
			targets = (
				D63840EC21C12EA3002BB6C6 /* RayTracerB5 */,
				D63840FC21C12EA6002BB6C6 /* RayTracerB5Tests */,
			);
		};
/* End PBXProject section */

/* Begin PBXResourcesBuildPhase section */
		D63840EB21C12EA3002BB6C6 /* Resources */ = {
			isa = PBXResourcesBuildPhase;
			buildActionMask = 2147483647;
			files = (
				D609511321D02FA3006B4A48 /* teapot.obj in Resources */,
				D63840F321C12EA6002BB6C6 /* Assets.xcassets in Resources */,
				D63840F621C12EA6002BB6C6 /* MainMenu.xib in Resources */,
			);
			runOnlyForDeploymentPostprocessing = 0;
		};
		D63840FB21C12EA6002BB6C6 /* Resources */ = {
			isa = PBXResourcesBuildPhase;
			buildActionMask = 2147483647;
			files = (
				D65AA6B521D24D24001C1F02 /* teapot.obj in Resources */,
				D6D74EDA21E382CF00FD3CB7 /* bigteapot.obj in Resources */,
				D65AA6B821D24DBF001C1F02 /* triangles.obj in Resources */,
			);
			runOnlyForDeploymentPostprocessing = 0;
		};
/* End PBXResourcesBuildPhase section */

/* Begin PBXSourcesBuildPhase section */
		D63840E921C12EA3002BB6C6 /* Sources */ = {
			isa = PBXSourcesBuildPhase;
			buildActionMask = 2147483647;
			files = (
				D638413521C1363C002BB6C6 /* PointLight.swift in Sources */,
				D6F4282F21C804680045C236 /* CSG.swift in Sources */,
				D638416E21C3FF5F002BB6C6 /* Triangle.swift in Sources */,
				D638413B21C1363C002BB6C6 /* Intersect.swift in Sources */,
				D638412D21C135E9002BB6C6 /* Material.swift in Sources */,
				D638413621C1363C002BB6C6 /* StripePattern.swift in Sources */,
				D638410F21C13005002BB6C6 /* Point.swift in Sources */,
				D638411021C13005002BB6C6 /* Tuple.swift in Sources */,
				D638416C21C3E46E002BB6C6 /* Group.swift in Sources */,
				D638413821C1363C002BB6C6 /* ThreeDCheckerPattern.swift in Sources */,
				D638412A21C135BA002BB6C6 /* IntersectionComp.swift in Sources */,
				D638416A21C3C0F6002BB6C6 /* Cone.swift in Sources */,
				D638411121C13005002BB6C6 /* Vector.swift in Sources */,
				D638417621C45F33002BB6C6 /* Parser.swift in Sources */,
				D638412921C135BA002BB6C6 /* Intersections.swift in Sources */,
				D638415C21C16617002BB6C6 /* Cube.swift in Sources */,
				D638413921C1363C002BB6C6 /* GradientPattern.swift in Sources */,
				D638415D21C16617002BB6C6 /* Cylinder.swift in Sources */,
				D638411321C13168002BB6C6 /* Color.swift in Sources */,
				D69B21ED25F137160000E071 /* Matrix4.swift in Sources */,
				D638412821C135BA002BB6C6 /* Shape.swift in Sources */,
				D63840F121C12EA3002BB6C6 /* AppDelegate.swift in Sources */,
				D68121B0258F9E4700AD12CF /* Projectile.swift in Sources */,
				D68121AC258F9E3A00AD12CF /* Environment.swift in Sources */,
				D638413A21C1363C002BB6C6 /* RingPattern.swift in Sources */,
				D638412221C1352D002BB6C6 /* Sphere.swift in Sources */,
				D638411721C13243002BB6C6 /* Canvas.swift in Sources */,
				D6F4282921C6F8ED0045C236 /* SmoothTriangle.swift in Sources */,
				D638414B21C1401A002BB6C6 /* Camera.swift in Sources */,
				D638414721C13C0E002BB6C6 /* World.swift in Sources */,
				D638412B21C135BA002BB6C6 /* Intersection.swift in Sources */,
				D638412321C1352D002BB6C6 /* Ray.swift in Sources */,
				D638415121C14282002BB6C6 /* Plane.swift in Sources */,
				D638413721C1363C002BB6C6 /* GeneralPattern.swift in Sources */,
			);
			runOnlyForDeploymentPostprocessing = 0;
		};
		D63840F921C12EA6002BB6C6 /* Sources */ = {
			isa = PBXSourcesBuildPhase;
			buildActionMask = 2147483647;
			files = (
				D638414321C13971002BB6C6 /* MaterialFeatures.swift in Sources */,
				D65AA6A321D2428D001C1F02 /* Ch02.swift in Sources */,
				D65AA6B321D24A10001C1F02 /* ReflectRefract.swift in Sources */,
				D65AA6AF21D2471C001C1F02 /* Ch09.swift in Sources */,
				D65AA69D21D24153001C1F02 /* Ch01.swift in Sources */,
				D638411521C131BA002BB6C6 /* CanvasFeatures.swift in Sources */,
				D65AA6B121D2490D001C1F02 /* ShadowPuppets.swift in Sources */,
				D638416521C16FF0002BB6C6 /* ObjFileFeatures.swift in Sources */,
				D638413F21C13704002BB6C6 /* IntersectionFeatures.swift in Sources */,
				D638411D21C1338B002BB6C6 /* TransformationFeatures.swift in Sources */,
				D638410221C12EA6002BB6C6 /* TupleFeatures.swift in Sources */,
				D64E33F42586C10200AC8A08 /* Fresnel.swift in Sources */,
				D638414F21C1422F002BB6C6 /* PlaneFeatures.swift in Sources */,
				D638416121C16AF6002BB6C6 /* GroupFeatures.swift in Sources */,
				D638415F21C1692C002BB6C6 /* ConeFeatures.swift in Sources */,
				D69B21F525F19ADC0000E071 /* Transformation4Features.swift in Sources */,
				D638414921C13FF1002BB6C6 /* CameraFeatures.swift in Sources */,
				D638415321C142CB002BB6C6 /* PatternFeatures.swift in Sources */,
				D6D74ED621E356F100FD3CB7 /* ObjFiles.swift in Sources */,
				D6F4282B21C6F9BB0045C236 /* SmoothTriangleFeatures.swift in Sources */,
				D6F4282D21C803CB0045C236 /* CSGFeatures.swift in Sources */,
				D65AA6AD21D24665001C1F02 /* Ch08.swift in Sources */,
				D65AA6A721D243A2001C1F02 /* Ch05.swift in Sources */,
				D69B21F125F143330000E071 /* Matrix4Features.swift in Sources */,
				D65AA6AB21D244E3001C1F02 /* Ch07.swift in Sources */,
				D65AA6A521D24325001C1F02 /* Ch04.swift in Sources */,
				D60FBFDB21E009B3007CFBFB /* Cubes.swift in Sources */,
				D638414D21C14197002BB6C6 /* ShapeFeatures.swift in Sources */,
				D638414521C13B3A002BB6C6 /* WorldFeatures.swift in Sources */,
				D638415721C16465002BB6C6 /* CubeFeatures.swift in Sources */,
				D638416321C16DF1002BB6C6 /* TriangleFeatures.swift in Sources */,
				D638413D21C13673002BB6C6 /* SphereFeatures.swift in Sources */,
				D6D0472623D5B59B00B08576 /* Test.swift in Sources */,
				D638414121C1390F002BB6C6 /* LightFeatures.swift in Sources */,
				D638411F21C13492002BB6C6 /* RayFeatures.swift in Sources */,
				D638415921C16572002BB6C6 /* CylinderFeatures.swift in Sources */,
				D65AA6A921D24423001C1F02 /* Ch06.swift in Sources */,
				D698DFCE21DE16250057E604 /* Cylinders.swift in Sources */,
			);
			runOnlyForDeploymentPostprocessing = 0;
		};
/* End PBXSourcesBuildPhase section */

/* Begin PBXTargetDependency section */
		D63840FF21C12EA6002BB6C6 /* PBXTargetDependency */ = {
			isa = PBXTargetDependency;
			target = D63840EC21C12EA3002BB6C6 /* RayTracerB5 */;
			targetProxy = D63840FE21C12EA6002BB6C6 /* PBXContainerItemProxy */;
		};
/* End PBXTargetDependency section */

/* Begin PBXVariantGroup section */
		D63840F421C12EA6002BB6C6 /* MainMenu.xib */ = {
			isa = PBXVariantGroup;
			children = (
				D63840F521C12EA6002BB6C6 /* Base */,
			);
			name = MainMenu.xib;
			sourceTree = "<group>";
		};
/* End PBXVariantGroup section */

/* Begin XCBuildConfiguration section */
		D638410421C12EA6002BB6C6 /* Debug */ = {
			isa = XCBuildConfiguration;
			buildSettings = {
				ALWAYS_SEARCH_USER_PATHS = NO;
				CLANG_ANALYZER_NONNULL = YES;
				CLANG_ANALYZER_NUMBER_OBJECT_CONVERSION = YES_AGGRESSIVE;
				CLANG_CXX_LANGUAGE_STANDARD = "gnu++14";
				CLANG_CXX_LIBRARY = "libc++";
				CLANG_ENABLE_MODULES = YES;
				CLANG_ENABLE_OBJC_ARC = YES;
				CLANG_ENABLE_OBJC_WEAK = YES;
				CLANG_WARN_BLOCK_CAPTURE_AUTORELEASING = YES;
				CLANG_WARN_BOOL_CONVERSION = YES;
				CLANG_WARN_COMMA = YES;
				CLANG_WARN_CONSTANT_CONVERSION = YES;
				CLANG_WARN_DEPRECATED_OBJC_IMPLEMENTATIONS = YES;
				CLANG_WARN_DIRECT_OBJC_ISA_USAGE = YES_ERROR;
				CLANG_WARN_DOCUMENTATION_COMMENTS = YES;
				CLANG_WARN_EMPTY_BODY = YES;
				CLANG_WARN_ENUM_CONVERSION = YES;
				CLANG_WARN_INFINITE_RECURSION = YES;
				CLANG_WARN_INT_CONVERSION = YES;
				CLANG_WARN_NON_LITERAL_NULL_CONVERSION = YES;
				CLANG_WARN_OBJC_IMPLICIT_RETAIN_SELF = YES;
				CLANG_WARN_OBJC_LITERAL_CONVERSION = YES;
				CLANG_WARN_OBJC_ROOT_CLASS = YES_ERROR;
				CLANG_WARN_QUOTED_INCLUDE_IN_FRAMEWORK_HEADER = YES;
				CLANG_WARN_RANGE_LOOP_ANALYSIS = YES;
				CLANG_WARN_STRICT_PROTOTYPES = YES;
				CLANG_WARN_SUSPICIOUS_MOVE = YES;
				CLANG_WARN_UNGUARDED_AVAILABILITY = YES_AGGRESSIVE;
				CLANG_WARN_UNREACHABLE_CODE = YES;
				CLANG_WARN__DUPLICATE_METHOD_MATCH = YES;
				CODE_SIGN_IDENTITY = "Mac Developer";
				COPY_PHASE_STRIP = NO;
				DEBUG_INFORMATION_FORMAT = dwarf;
				ENABLE_STRICT_OBJC_MSGSEND = YES;
				ENABLE_TESTABILITY = YES;
				GCC_C_LANGUAGE_STANDARD = gnu11;
				GCC_DYNAMIC_NO_PIC = NO;
				GCC_NO_COMMON_BLOCKS = YES;
				GCC_OPTIMIZATION_LEVEL = 0;
				GCC_PREPROCESSOR_DEFINITIONS = (
					"DEBUG=1",
					"$(inherited)",
				);
				GCC_WARN_64_TO_32_BIT_CONVERSION = YES;
				GCC_WARN_ABOUT_RETURN_TYPE = YES_ERROR;
				GCC_WARN_UNDECLARED_SELECTOR = YES;
				GCC_WARN_UNINITIALIZED_AUTOS = YES_AGGRESSIVE;
				GCC_WARN_UNUSED_FUNCTION = YES;
				GCC_WARN_UNUSED_VARIABLE = YES;
				MACOSX_DEPLOYMENT_TARGET = 11.1;
				MTL_ENABLE_DEBUG_INFO = INCLUDE_SOURCE;
				MTL_FAST_MATH = YES;
				ONLY_ACTIVE_ARCH = YES;
				SDKROOT = macosx;
				SWIFT_ACTIVE_COMPILATION_CONDITIONS = DEBUG;
				SWIFT_OPTIMIZATION_LEVEL = "-Onone";
			};
			name = Debug;
		};
		D638410521C12EA6002BB6C6 /* Release */ = {
			isa = XCBuildConfiguration;
			buildSettings = {
				ALWAYS_SEARCH_USER_PATHS = NO;
				CLANG_ANALYZER_NONNULL = YES;
				CLANG_ANALYZER_NUMBER_OBJECT_CONVERSION = YES_AGGRESSIVE;
				CLANG_CXX_LANGUAGE_STANDARD = "gnu++14";
				CLANG_CXX_LIBRARY = "libc++";
				CLANG_ENABLE_MODULES = YES;
				CLANG_ENABLE_OBJC_ARC = YES;
				CLANG_ENABLE_OBJC_WEAK = YES;
				CLANG_WARN_BLOCK_CAPTURE_AUTORELEASING = YES;
				CLANG_WARN_BOOL_CONVERSION = YES;
				CLANG_WARN_COMMA = YES;
				CLANG_WARN_CONSTANT_CONVERSION = YES;
				CLANG_WARN_DEPRECATED_OBJC_IMPLEMENTATIONS = YES;
				CLANG_WARN_DIRECT_OBJC_ISA_USAGE = YES_ERROR;
				CLANG_WARN_DOCUMENTATION_COMMENTS = YES;
				CLANG_WARN_EMPTY_BODY = YES;
				CLANG_WARN_ENUM_CONVERSION = YES;
				CLANG_WARN_INFINITE_RECURSION = YES;
				CLANG_WARN_INT_CONVERSION = YES;
				CLANG_WARN_NON_LITERAL_NULL_CONVERSION = YES;
				CLANG_WARN_OBJC_IMPLICIT_RETAIN_SELF = YES;
				CLANG_WARN_OBJC_LITERAL_CONVERSION = YES;
				CLANG_WARN_OBJC_ROOT_CLASS = YES_ERROR;
				CLANG_WARN_QUOTED_INCLUDE_IN_FRAMEWORK_HEADER = YES;
				CLANG_WARN_RANGE_LOOP_ANALYSIS = YES;
				CLANG_WARN_STRICT_PROTOTYPES = YES;
				CLANG_WARN_SUSPICIOUS_MOVE = YES;
				CLANG_WARN_UNGUARDED_AVAILABILITY = YES_AGGRESSIVE;
				CLANG_WARN_UNREACHABLE_CODE = YES;
				CLANG_WARN__DUPLICATE_METHOD_MATCH = YES;
				CODE_SIGN_IDENTITY = "Mac Developer";
				COPY_PHASE_STRIP = NO;
				DEBUG_INFORMATION_FORMAT = "dwarf-with-dsym";
				ENABLE_NS_ASSERTIONS = NO;
				ENABLE_STRICT_OBJC_MSGSEND = YES;
				GCC_C_LANGUAGE_STANDARD = gnu11;
				GCC_NO_COMMON_BLOCKS = YES;
				GCC_WARN_64_TO_32_BIT_CONVERSION = YES;
				GCC_WARN_ABOUT_RETURN_TYPE = YES_ERROR;
				GCC_WARN_UNDECLARED_SELECTOR = YES;
				GCC_WARN_UNINITIALIZED_AUTOS = YES_AGGRESSIVE;
				GCC_WARN_UNUSED_FUNCTION = YES;
				GCC_WARN_UNUSED_VARIABLE = YES;
				MACOSX_DEPLOYMENT_TARGET = 11.1;
				MTL_ENABLE_DEBUG_INFO = NO;
				MTL_FAST_MATH = YES;
				SDKROOT = macosx;
				SWIFT_COMPILATION_MODE = wholemodule;
				SWIFT_OPTIMIZATION_LEVEL = "-O";
			};
			name = Release;
		};
		D638410721C12EA6002BB6C6 /* Debug */ = {
			isa = XCBuildConfiguration;
			buildSettings = {
				ASSETCATALOG_COMPILER_APPICON_NAME = AppIcon;
				CODE_SIGN_ENTITLEMENTS = RayTracerB5/RayTracerB5.entitlements;
				CODE_SIGN_IDENTITY = "Apple Development";
				CODE_SIGN_STYLE = Automatic;
				COMBINE_HIDPI_IMAGES = YES;
				DEVELOPMENT_TEAM = 3PH8WYUFZR;
				ENABLE_HARDENED_RUNTIME = YES;
				INFOPLIST_FILE = RayTracerB5/Info.plist;
				LD_RUNPATH_SEARCH_PATHS = (
					"$(inherited)",
					"@executable_path/../Frameworks",
				);
				MACOSX_DEPLOYMENT_TARGET = 11.1;
				PRODUCT_BUNDLE_IDENTIFIER = no.salver.RayTracerB5;
				PRODUCT_NAME = "$(TARGET_NAME)";
				SWIFT_VERSION = 5.0;
			};
			name = Debug;
		};
		D638410821C12EA6002BB6C6 /* Release */ = {
			isa = XCBuildConfiguration;
			buildSettings = {
				ASSETCATALOG_COMPILER_APPICON_NAME = AppIcon;
				CODE_SIGN_ENTITLEMENTS = RayTracerB5/RayTracerB5.entitlements;
				CODE_SIGN_IDENTITY = "Apple Development";
				CODE_SIGN_STYLE = Automatic;
				COMBINE_HIDPI_IMAGES = YES;
				DEVELOPMENT_TEAM = 3PH8WYUFZR;
				ENABLE_HARDENED_RUNTIME = YES;
				INFOPLIST_FILE = RayTracerB5/Info.plist;
				LD_RUNPATH_SEARCH_PATHS = (
					"$(inherited)",
					"@executable_path/../Frameworks",
				);
				MACOSX_DEPLOYMENT_TARGET = 11.1;
				PRODUCT_BUNDLE_IDENTIFIER = no.salver.RayTracerB5;
				PRODUCT_NAME = "$(TARGET_NAME)";
				SWIFT_VERSION = 5.0;
			};
			name = Release;
		};
		D638410A21C12EA6002BB6C6 /* Debug */ = {
			isa = XCBuildConfiguration;
			buildSettings = {
				ALWAYS_EMBED_SWIFT_STANDARD_LIBRARIES = YES;
				BUNDLE_LOADER = "$(TEST_HOST)";
				CODE_SIGN_STYLE = Automatic;
				COMBINE_HIDPI_IMAGES = YES;
				DEVELOPMENT_TEAM = 3PH8WYUFZR;
				INFOPLIST_FILE = RayTracerB5Tests/Info.plist;
				LD_RUNPATH_SEARCH_PATHS = (
					"$(inherited)",
					"@executable_path/../Frameworks",
					"@loader_path/../Frameworks",
				);
				PRODUCT_BUNDLE_IDENTIFIER = no.salver.RayTracerB5Tests;
				PRODUCT_NAME = "$(TARGET_NAME)";
				SWIFT_VERSION = 5.0;
				TEST_HOST = "$(BUILT_PRODUCTS_DIR)/RayTracerB5.app/Contents/MacOS/RayTracerB5";
			};
			name = Debug;
		};
		D638410B21C12EA6002BB6C6 /* Release */ = {
			isa = XCBuildConfiguration;
			buildSettings = {
				ALWAYS_EMBED_SWIFT_STANDARD_LIBRARIES = YES;
				BUNDLE_LOADER = "$(TEST_HOST)";
				CODE_SIGN_STYLE = Automatic;
				COMBINE_HIDPI_IMAGES = YES;
				DEVELOPMENT_TEAM = 3PH8WYUFZR;
				INFOPLIST_FILE = RayTracerB5Tests/Info.plist;
				LD_RUNPATH_SEARCH_PATHS = (
					"$(inherited)",
					"@executable_path/../Frameworks",
					"@loader_path/../Frameworks",
				);
				PRODUCT_BUNDLE_IDENTIFIER = no.salver.RayTracerB5Tests;
				PRODUCT_NAME = "$(TARGET_NAME)";
				SWIFT_VERSION = 5.0;
				TEST_HOST = "$(BUILT_PRODUCTS_DIR)/RayTracerB5.app/Contents/MacOS/RayTracerB5";
			};
			name = Release;
		};
/* End XCBuildConfiguration section */

/* Begin XCConfigurationList section */
		D63840E821C12EA3002BB6C6 /* Build configuration list for PBXProject "RayTracerB5" */ = {
			isa = XCConfigurationList;
			buildConfigurations = (
				D638410421C12EA6002BB6C6 /* Debug */,
				D638410521C12EA6002BB6C6 /* Release */,
			);
			defaultConfigurationIsVisible = 0;
			defaultConfigurationName = Release;
		};
		D638410621C12EA6002BB6C6 /* Build configuration list for PBXNativeTarget "RayTracerB5" */ = {
			isa = XCConfigurationList;
			buildConfigurations = (
				D638410721C12EA6002BB6C6 /* Debug */,
				D638410821C12EA6002BB6C6 /* Release */,
			);
			defaultConfigurationIsVisible = 0;
			defaultConfigurationName = Release;
		};
		D638410921C12EA6002BB6C6 /* Build configuration list for PBXNativeTarget "RayTracerB5Tests" */ = {
			isa = XCConfigurationList;
			buildConfigurations = (
				D638410A21C12EA6002BB6C6 /* Debug */,
				D638410B21C12EA6002BB6C6 /* Release */,
			);
			defaultConfigurationIsVisible = 0;
			defaultConfigurationName = Release;
		};
/* End XCConfigurationList section */
	};
	rootObject = D63840E521C12EA3002BB6C6 /* Project object */;
}
