<?xml version="1.0" encoding="UTF-8"?>
<Scheme
   LastUpgradeVersion = "1620"
   version = "1.7">
   <BuildAction
      parallelizeBuildables = "YES"
      buildImplicitDependencies = "YES">
      <BuildActionEntries>
         <BuildActionEntry
            buildForTesting = "YES"
            buildForRunning = "YES"
            buildForProfiling = "YES"
            buildForArchiving = "YES"
            buildForAnalyzing = "YES">
            <BuildableReference
               BuildableIdentifier = "primary"
               BlueprintIdentifier = "D63840EC21C12EA3002BB6C6"
               BuildableName = "RayTracerB5.app"
               BlueprintName = "RayTracerB5"
               ReferencedContainer = "container:RayTracerB5.xcodeproj">
            </BuildableReference>
         </BuildActionEntry>
      </BuildActionEntries>
   </BuildAction>
   <TestAction
      buildConfiguration = "Debug"
      selectedDebuggerIdentifier = "Xcode.DebuggerFoundation.Debugger.LLDB"
      selectedLauncherIdentifier = "Xcode.DebuggerFoundation.Launcher.LLDB"
      shouldUseLaunchSchemeArgsEnv = "YES">
      <TestPlans>
         <TestPlanReference
            reference = "container:RayTracerB5Tests/PuttingItTogether/Chapters.xctestplan"
            default = "YES">
         </TestPlanReference>
         <TestPlanReference
            reference = "container:RayTracerB5Tests/TestScenes/Scenes.xctestplan">
         </TestPlanReference>
      </TestPlans>
      <Testables>
         <TestableReference
            skipped = "NO">
            <BuildableReference
               BuildableIdentifier = "primary"
               BlueprintIdentifier = "D63840FC21C12EA6002BB6C6"
               BuildableName = "RayTracerB5Tests.xctest"
               BlueprintName = "RayTracerB5Tests"
               ReferencedContainer = "container:RayTracerB5.xcodeproj">
            </BuildableReference>
            <SelectedTests>
               <Test
                  Identifier = "Cylinders/testCylinders()">
               </Test>
            </SelectedTests>
         </TestableReference>
         <TestableReference
            skipped = "NO">
            <BuildableReference
               BuildableIdentifier = "primary"
               BlueprintIdentifier = "D63840FC21C12EA6002BB6C6"
               BuildableName = "RayTracerB5Tests.xctest"
               BlueprintName = "RayTracerB5Tests"
               ReferencedContainer = "container:RayTracerB5.xcodeproj">
            </BuildableReference>
            <SelectedTests>
               <Test
                  Identifier = "Cubes/testTable()">
               </Test>
            </SelectedTests>
         </TestableReference>
      </Testables>
   </TestAction>
   <LaunchAction
      buildConfiguration = "Debug"
      selectedDebuggerIdentifier = "Xcode.DebuggerFoundation.Debugger.LLDB"
      selectedLauncherIdentifier = "Xcode.DebuggerFoundation.Launcher.LLDB"
      launchStyle = "0"
      useCustomWorkingDirectory = "NO"
      ignoresPersistentStateOnLaunch = "NO"
      debugDocumentVersioning = "YES"
      debugServiceExtension = "internal"
      allowLocationSimulation = "YES">
      <BuildableProductRunnable
         runnableDebuggingMode = "0">
         <BuildableReference
            BuildableIdentifier = "primary"
            BlueprintIdentifier = "D63840EC21C12EA3002BB6C6"
            BuildableName = "RayTracerB5.app"
            BlueprintName = "RayTracerB5"
            ReferencedContainer = "container:RayTracerB5.xcodeproj">
         </BuildableReference>
      </BuildableProductRunnable>
   </LaunchAction>
   <ProfileAction
      buildConfiguration = "Release"
      shouldUseLaunchSchemeArgsEnv = "YES"
      savedToolIdentifier = ""
      useCustomWorkingDirectory = "NO"
      debugDocumentVersioning = "YES">
      <BuildableProductRunnable
         runnableDebuggingMode = "0">
         <BuildableReference
            BuildableIdentifier = "primary"
            BlueprintIdentifier = "D63840EC21C12EA3002BB6C6"
            BuildableName = "RayTracerB5.app"
            BlueprintName = "RayTracerB5"
            ReferencedContainer = "container:RayTracerB5.xcodeproj">
         </BuildableReference>
      </BuildableProductRunnable>
   </ProfileAction>
   <AnalyzeAction
      buildConfiguration = "Debug">
   </AnalyzeAction>
   <ArchiveAction
      buildConfiguration = "Release"
      revealArchiveInOrganizer = "YES">
   </ArchiveAction>
</Scheme>
